
Microsoft Visual Studio Solution File, Format Version 12.00
# Visual Studio Version 16
VisualStudioVersion = 16.0.28922.388
MinimumVisualStudioVersion = 10.0.40219.1
Project("{FAE04EC0-301F-11D3-BF4B-00C04F79EFBC}") = "aita", "aita\aita.csproj", "{07E4806E-8F74-4C05-B957-5A6E367D5C69}"
EndProject
Global
	GlobalSection(SolutionConfigurationPlatforms) = preSolution
		Debug|Any CPU = Debug|Any CPU
		Release|Any CPU = Release|Any CPU
	EndGlobalSection
	GlobalSection(ProjectConfigurationPlatforms) = postSolution
		{07E4806E-8F74-4C05-B957-5A6E367D5C69}.Debug|Any CPU.ActiveCfg = Debug|Any CPU
		{07E4806E-8F74-4C05-B957-5A6E367D5C69}.Debug|Any CPU.Build.0 = Debug|Any CPU
		{07E4806E-8F74-4C05-B957-5A6E367D5C69}.Release|Any CPU.ActiveCfg = Release|Any CPU
		{07E4806E-8F74-4C05-B957-5A6E367D5C69}.Release|Any CPU.Build.0 = Release|Any CPU
	EndGlobalSection
	GlobalSection(SolutionProperties) = preSolution
		HideSolutionNode = FALSE
	EndGlobalSection
	GlobalSection(ExtensibilityGlobals) = postSolution
		SolutionGuid = {0755AC9D-0AD7-4108-B153-A43A47C550E6}
	EndGlobalSection
EndGlobal
